// !$*UTF8*$!
{
	archiveVersion = 1;
	classes = {
	};
	objectVersion = 46;
	objects = {

/* Begin PBXBuildFile section */
		18885D791A37240E00EE811D /* main.m in Sources */ = {isa = PBXBuildFile; fileRef = 18885D781A37240E00EE811D /* main.m */; };
		18885D7C1A37240E00EE811D /* AppDelegate.m in Sources */ = {isa = PBXBuildFile; fileRef = 18885D7B1A37240E00EE811D /* AppDelegate.m */; };
		18885D7F1A37240E00EE811D /* GameViewController.m in Sources */ = {isa = PBXBuildFile; fileRef = 18885D7E1A37240E00EE811D /* GameViewController.m */; };
		18885D811A37240E00EE811D /* Shaders.metal in Sources */ = {isa = PBXBuildFile; fileRef = 18885D801A37240E00EE811D /* Shaders.metal */; };
		18885D841A37240E00EE811D /* Main.storyboard in Resources */ = {isa = PBXBuildFile; fileRef = 18885D821A37240E00EE811D /* Main.storyboard */; };
		18885D861A37240E00EE811D /* Images.xcassets in Resources */ = {isa = PBXBuildFile; fileRef = 18885D851A37240E00EE811D /* Images.xcassets */; };
		18885D891A37240E00EE811D /* LaunchScreen.xib in Resources */ = {isa = PBXBuildFile; fileRef = 18885D871A37240E00EE811D /* LaunchScreen.xib */; };
		18885D951A37240E00EE811D /* MetalGameTests.m in Sources */ = {isa = PBXBuildFile; fileRef = 18885D941A37240E00EE811D /* MetalGameTests.m */; };
/* End PBXBuildFile section */

/* Begin PBXContainerItemProxy section */
		18885D8F1A37240E00EE811D /* PBXContainerItemProxy */ = {
			isa = PBXContainerItemProxy;
			containerPortal = 18885D6B1A37240E00EE811D /* Project object */;
			proxyType = 1;
			remoteGlobalIDString = 18885D721A37240E00EE811D;
			remoteInfo = MetalGame;
		};
/* End PBXContainerItemProxy section */

/* Begin PBXFileReference section */
		18885D731A37240E00EE811D /* MetalGame.app */ = {isa = PBXFileReference; explicitFileType = wrapper.application; includeInIndex = 0; path = MetalGame.app; sourceTree = BUILT_PRODUCTS_DIR; };
		18885D771A37240E00EE811D /* Info.plist */ = {isa = PBXFileReference; lastKnownFileType = text.plist.xml; path = Info.plist; sourceTree = "<group>"; };
		18885D781A37240E00EE811D /* main.m */ = {isa = PBXFileReference; lastKnownFileType = sourcecode.c.objc; path = main.m; sourceTree = "<group>"; };
		18885D7A1A37240E00EE811D /* AppDelegate.h */ = {isa = PBXFileReference; lastKnownFileType = sourcecode.c.h; path = AppDelegate.h; sourceTree = "<group>"; };
		18885D7B1A37240E00EE811D /* AppDelegate.m */ = {isa = PBXFileReference; lastKnownFileType = sourcecode.c.objc; path = AppDelegate.m; sourceTree = "<group>"; };
		18885D7D1A37240E00EE811D /* GameViewController.h */ = {isa = PBXFileReference; lastKnownFileType = sourcecode.c.h; path = GameViewController.h; sourceTree = "<group>"; };
		18885D7E1A37240E00EE811D /* GameViewController.m */ = {isa = PBXFileReference; lastKnownFileType = sourcecode.c.objc; path = GameViewController.m; sourceTree = "<group>"; };
		18885D801A37240E00EE811D /* Shaders.metal */ = {isa = PBXFileReference; lastKnownFileType = sourcecode.metal; path = Shaders.metal; sourceTree = "<group>"; };
		18885D831A37240E00EE811D /* Base */ = {isa = PBXFileReference; lastKnownFileType = file.storyboard; name = Base; path = Base.lproj/Main.storyboard; sourceTree = "<group>"; };
		18885D851A37240E00EE811D /* Images.xcassets */ = {isa = PBXFileReference; lastKnownFileType = folder.assetcatalog; path = Images.xcassets; sourceTree = "<group>"; };
		18885D881A37240E00EE811D /* Base */ = {isa = PBXFileReference; lastKnownFileType = file.xib; name = Base; path = Base.lproj/LaunchScreen.xib; sourceTree = "<group>"; };
		18885D8E1A37240E00EE811D /* MetalGameTests.xctest */ = {isa = PBXFileReference; explicitFileType = wrapper.cfbundle; includeInIndex = 0; path = MetalGameTests.xctest; sourceTree = BUILT_PRODUCTS_DIR; };
		18885D931A37240E00EE811D /* Info.plist */ = {isa = PBXFileReference; lastKnownFileType = text.plist.xml; path = Info.plist; sourceTree = "<group>"; };
		18885D941A37240E00EE811D /* MetalGameTests.m */ = {isa = PBXFileReference; lastKnownFileType = sourcecode.c.objc; path = MetalGameTests.m; sourceTree = "<group>"; };
/* End PBXFileReference section */

/* Begin PBXFrameworksBuildPhase section */
		18885D701A37240E00EE811D /* Frameworks */ = {
			isa = PBXFrameworksBuildPhase;
			buildActionMask = 2147483647;
			files = (
			);
			runOnlyForDeploymentPostprocessing = 0;
		};
		18885D8B1A37240E00EE811D /* Frameworks */ = {
			isa = PBXFrameworksBuildPhase;
			buildActionMask = 2147483647;
			files = (
			);
			runOnlyForDeploymentPostprocessing = 0;
		};
/* End PBXFrameworksBuildPhase section */

/* Begin PBXGroup section */
		18885D6A1A37240E00EE811D = {
			isa = PBXGroup;
			children = (
				18885D751A37240E00EE811D /* MetalGame */,
				18885D911A37240E00EE811D /* MetalGameTests */,
				18885D741A37240E00EE811D /* Products */,
			);
			sourceTree = "<group>";
		};
		18885D741A37240E00EE811D /* Products */ = {
			isa = PBXGroup;
			children = (
				18885D731A37240E00EE811D /* MetalGame.app */,
				18885D8E1A37240E00EE811D /* MetalGameTests.xctest */,
			);
			name = Products;
			sourceTree = "<group>";
		};
		18885D751A37240E00EE811D /* MetalGame */ = {
			isa = PBXGroup;
			children = (
				18885D7A1A37240E00EE811D /* AppDelegate.h */,
				18885D7B1A37240E00EE811D /* AppDelegate.m */,
				18885D7D1A37240E00EE811D /* GameViewController.h */,
				18885D7E1A37240E00EE811D /* GameViewController.m */,
				18885D801A37240E00EE811D /* Shaders.metal */,
				18885D821A37240E00EE811D /* Main.storyboard */,
				18885D851A37240E00EE811D /* Images.xcassets */,
				18885D871A37240E00EE811D /* LaunchScreen.xib */,
				18885D761A37240E00EE811D /* Supporting Files */,
			);
			path = MetalGame;
			sourceTree = "<group>";
		};
		18885D761A37240E00EE811D /* Supporting Files */ = {
			isa = PBXGroup;
			children = (
				18885D771A37240E00EE811D /* Info.plist */,
				18885D781A37240E00EE811D /* main.m */,
			);
			name = "Supporting Files";
			sourceTree = "<group>";
		};
		18885D911A37240E00EE811D /* MetalGameTests */ = {
			isa = PBXGroup;
			children = (
				18885D941A37240E00EE811D /* MetalGameTests.m */,
				18885D921A37240E00EE811D /* Supporting Files */,
			);
			path = MetalGameTests;
			sourceTree = "<group>";
		};
		18885D921A37240E00EE811D /* Supporting Files */ = {
			isa = PBXGroup;
			children = (
				18885D931A37240E00EE811D /* Info.plist */,
			);
			name = "Supporting Files";
			sourceTree = "<group>";
		};
/* End PBXGroup section */

/* Begin PBXNativeTarget section */
		18885D721A37240E00EE811D /* MetalGame */ = {
			isa = PBXNativeTarget;
			buildConfigurationList = 18885D981A37240E00EE811D /* Build configuration list for PBXNativeTarget "MetalGame" */;
			buildPhases = (
				18885D6F1A37240E00EE811D /* Sources */,
				18885D701A37240E00EE811D /* Frameworks */,
				18885D711A37240E00EE811D /* Resources */,
			);
			buildRules = (
			);
			dependencies = (
			);
			name = MetalGame;
			productName = MetalGame;
			productReference = 18885D731A37240E00EE811D /* MetalGame.app */;
			productType = "com.apple.product-type.application";
		};
		18885D8D1A37240E00EE811D /* MetalGameTests */ = {
			isa = PBXNativeTarget;
			buildConfigurationList = 18885D9B1A37240E00EE811D /* Build configuration list for PBXNativeTarget "MetalGameTests" */;
			buildPhases = (
				18885D8A1A37240E00EE811D /* Sources */,
				18885D8B1A37240E00EE811D /* Frameworks */,
				18885D8C1A37240E00EE811D /* Resources */,
			);
			buildRules = (
			);
			dependencies = (
				18885D901A37240E00EE811D /* PBXTargetDependency */,
			);
			name = MetalGameTests;
			productName = MetalGameTests;
			productReference = 18885D8E1A37240E00EE811D /* MetalGameTests.xctest */;
			productType = "com.apple.product-type.bundle.unit-test";
		};
/* End PBXNativeTarget section */

/* Begin PBXProject section */
		18885D6B1A37240E00EE811D /* Project object */ = {
			isa = PBXProject;
			attributes = {
				LastUpgradeCheck = 0610;
				ORGANIZATIONNAME = "何遵祖";
				TargetAttributes = {
					18885D721A37240E00EE811D = {
						CreatedOnToolsVersion = 6.1.1;
					};
					18885D8D1A37240E00EE811D = {
						CreatedOnToolsVersion = 6.1.1;
						TestTargetID = 18885D721A37240E00EE811D;
					};
				};
			};
			buildConfigurationList = 18885D6E1A37240E00EE811D /* Build configuration list for PBXProject "MetalGame" */;
			compatibilityVersion = "Xcode 3.2";
			developmentRegion = English;
			hasScannedForEncodings = 0;
			knownRegions = (
				en,
				Base,
			);
			mainGroup = 18885D6A1A37240E00EE811D;
			productRefGroup = 18885D741A37240E00EE811D /* Products */;
			projectDirPath = "";
			projectRoot = "";
			targets = (
				18885D721A37240E00EE811D /* MetalGame */,
				18885D8D1A37240E00EE811D /* MetalGameTests */,
			);
		};
/* End PBXProject section */

/* Begin PBXResourcesBuildPhase section */
		18885D711A37240E00EE811D /* Resources */ = {
			isa = PBXResourcesBuildPhase;
			buildActionMask = 2147483647;
			files = (
				18885D841A37240E00EE811D /* Main.storyboard in Resources */,
				18885D891A37240E00EE811D /* LaunchScreen.xib in Resources */,
				18885D861A37240E00EE811D /* Images.xcassets in Resources */,
			);
			runOnlyForDeploymentPostprocessing = 0;
		};
		18885D8C1A37240E00EE811D /* Resources */ = {
			isa = PBXResourcesBuildPhase;
			buildActionMask = 2147483647;
			files = (
			);
			runOnlyForDeploymentPostprocessing = 0;
		};
/* End PBXResourcesBuildPhase section */

/* Begin PBXSourcesBuildPhase section */
		18885D6F1A37240E00EE811D /* Sources */ = {
			isa = PBXSourcesBuildPhase;
			buildActionMask = 2147483647;
			files = (
				18885D811A37240E00EE811D /* Shaders.metal in Sources */,
				18885D7C1A37240E00EE811D /* AppDelegate.m in Sources */,
				18885D7F1A37240E00EE811D /* GameViewController.m in Sources */,
				18885D791A37240E00EE811D /* main.m in Sources */,
			);
			runOnlyForDeploymentPostprocessing = 0;
		};
		18885D8A1A37240E00EE811D /* Sources */ = {
			isa = PBXSourcesBuildPhase;
			buildActionMask = 2147483647;
			files = (
				18885D951A37240E00EE811D /* MetalGameTests.m in Sources */,
			);
			runOnlyForDeploymentPostprocessing = 0;
		};
/* End PBXSourcesBuildPhase section */

/* Begin PBXTargetDependency section */
		18885D901A37240E00EE811D /* PBXTargetDependency */ = {
			isa = PBXTargetDependency;
			target = 18885D721A37240E00EE811D /* MetalGame */;
			targetProxy = 18885D8F1A37240E00EE811D /* PBXContainerItemProxy */;
		};
/* End PBXTargetDependency section */

/* Begin PBXVariantGroup section */
		18885D821A37240E00EE811D /* Main.storyboard */ = {
			isa = PBXVariantGroup;
			children = (
				18885D831A37240E00EE811D /* Base */,
			);
			name = Main.storyboard;
			sourceTree = "<group>";
		};
		18885D871A37240E00EE811D /* LaunchScreen.xib */ = {
			isa = PBXVariantGroup;
			children = (
				18885D881A37240E00EE811D /* Base */,
			);
			name = LaunchScreen.xib;
			sourceTree = "<group>";
		};
/* End PBXVariantGroup section */

/* Begin XCBuildConfiguration section */
		18885D961A37240E00EE811D /* Debug */ = {
			isa = XCBuildConfiguration;
			buildSettings = {
				ALWAYS_SEARCH_USER_PATHS = NO;
				CLANG_CXX_LANGUAGE_STANDARD = "gnu++0x";
				CLANG_CXX_LIBRARY = "libc++";
				CLANG_ENABLE_MODULES = YES;
				CLANG_ENABLE_OBJC_ARC = YES;
				CLANG_WARN_BOOL_CONVERSION = YES;
				CLANG_WARN_CONSTANT_CONVERSION = YES;
				CLANG_WARN_DIRECT_OBJC_ISA_USAGE = YES_ERROR;
				CLANG_WARN_EMPTY_BODY = YES;
				CLANG_WARN_ENUM_CONVERSION = YES;
				CLANG_WARN_INT_CONVERSION = YES;
				CLANG_WARN_OBJC_ROOT_CLASS = YES_ERROR;
				CLANG_WARN_UNREACHABLE_CODE = YES;
				CLANG_WARN__DUPLICATE_METHOD_MATCH = YES;
				"CODE_SIGN_IDENTITY[sdk=iphoneos*]" = "iPhone Developer";
				COPY_PHASE_STRIP = NO;
				ENABLE_STRICT_OBJC_MSGSEND = YES;
				GCC_C_LANGUAGE_STANDARD = gnu99;
				GCC_DYNAMIC_NO_PIC = NO;
				GCC_OPTIMIZATION_LEVEL = 0;
				GCC_PREPROCESSOR_DEFINITIONS = (
					"DEBUG=1",
					"$(inherited)",
				);
				GCC_SYMBOLS_PRIVATE_EXTERN = NO;
				GCC_WARN_64_TO_32_BIT_CONVERSION = YES;
				GCC_WARN_ABOUT_RETURN_TYPE = YES_ERROR;
				GCC_WARN_UNDECLARED_SELECTOR = YES;
				GCC_WARN_UNINITIALIZED_AUTOS = YES_AGGRESSIVE;
				GCC_WARN_UNUSED_FUNCTION = YES;
				GCC_WARN_UNUSED_VARIABLE = YES;
				IPHONEOS_DEPLOYMENT_TARGET = 8.1;
				MTL_ENABLE_DEBUG_INFO = YES;
				ONLY_ACTIVE_ARCH = YES;
				SDKROOT = iphoneos;
			};
			name = Debug;
		};
		18885D971A37240E00EE811D /* Release */ = {
			isa = XCBuildConfiguration;
			buildSettings = {
				ALWAYS_SEARCH_USER_PATHS = NO;
				CLANG_CXX_LANGUAGE_STANDARD = "gnu++0x";
				CLANG_CXX_LIBRARY = "libc++";
				CLANG_ENABLE_MODULES = YES;
				CLANG_ENABLE_OBJC_ARC = YES;
				CLANG_WARN_BOOL_CONVERSION = YES;
				CLANG_WARN_CONSTANT_CONVERSION = YES;
				CLANG_WARN_DIRECT_OBJC_ISA_USAGE = YES_ERROR;
				CLANG_WARN_EMPTY_BODY = YES;
				CLANG_WARN_ENUM_CONVERSION = YES;
				CLANG_WARN_INT_CONVERSION = YES;
				CLANG_WARN_OBJC_ROOT_CLASS = YES_ERROR;
				CLANG_WARN_UNREACHABLE_CODE = YES;
				CLANG_WARN__DUPLICATE_METHOD_MATCH = YES;
				"CODE_SIGN_IDENTITY[sdk=iphoneos*]" = "iPhone Developer";
				COPY_PHASE_STRIP = YES;
				ENABLE_NS_ASSERTIONS = NO;
				ENABLE_STRICT_OBJC_MSGSEND = YES;
				GCC_C_LANGUAGE_STANDARD = gnu99;
				GCC_WARN_64_TO_32_BIT_CONVERSION = YES;
				GCC_WARN_ABOUT_RETURN_TYPE = YES_ERROR;
				GCC_WARN_UNDECLARED_SELECTOR = YES;
				GCC_WARN_UNINITIALIZED_AUTOS = YES_AGGRESSIVE;
				GCC_WARN_UNUSED_FUNCTION = YES;
				GCC_WARN_UNUSED_VARIABLE = YES;
				IPHONEOS_DEPLOYMENT_TARGET = 8.1;
				MTL_ENABLE_DEBUG_INFO = NO;
				SDKROOT = iphoneos;
				VALIDATE_PRODUCT = YES;
			};
			name = Release;
		};
		18885D991A37240E00EE811D /* Debug */ = {
			isa = XCBuildConfiguration;
			buildSettings = {
				ASSETCATALOG_COMPILER_APPICON_NAME = AppIcon;
				INFOPLIST_FILE = MetalGame/Info.plist;
				LD_RUNPATH_SEARCH_PATHS = "$(inherited) @executable_path/Frameworks";
				PRODUCT_NAME = "$(TARGET_NAME)";
			};
			name = Debug;
		};
		18885D9A1A37240E00EE811D /* Release */ = {
			isa = XCBuildConfiguration;
			buildSettings = {
				ASSETCATALOG_COMPILER_APPICON_NAME = AppIcon;
				INFOPLIST_FILE = MetalGame/Info.plist;
				LD_RUNPATH_SEARCH_PATHS = "$(inherited) @executable_path/Frameworks";
				PRODUCT_NAME = "$(TARGET_NAME)";
			};
			name = Release;
		};
		18885D9C1A37240E00EE811D /* Debug */ = {
			isa = XCBuildConfiguration;
			buildSettings = {
				BUNDLE_LOADER = "$(TEST_HOST)";
				FRAMEWORK_SEARCH_PATHS = (
					"$(SDKROOT)/Developer/Library/Frameworks",
					"$(inherited)",
				);
				GCC_PREPROCESSOR_DEFINITIONS = (
					"DEBUG=1",
					"$(inherited)",
				);
				INFOPLIST_FILE = MetalGameTests/Info.plist;
				LD_RUNPATH_SEARCH_PATHS = "$(inherited) @executable_path/Frameworks @loader_path/Frameworks";
				PRODUCT_NAME = "$(TARGET_NAME)";
				TEST_HOST = "$(BUILT_PRODUCTS_DIR)/MetalGame.app/MetalGame";
			};
			name = Debug;
		};
		18885D9D1A37240E00EE811D /* Release */ = {
			isa = XCBuildConfiguration;
			buildSettings = {
				BUNDLE_LOADER = "$(TEST_HOST)";
				FRAMEWORK_SEARCH_PATHS = (
					"$(SDKROOT)/Developer/Library/Frameworks",
					"$(inherited)",
				);
				INFOPLIST_FILE = MetalGameTests/Info.plist;
				LD_RUNPATH_SEARCH_PATHS = "$(inherited) @executable_path/Frameworks @loader_path/Frameworks";
				PRODUCT_NAME = "$(TARGET_NAME)";
				TEST_HOST = "$(BUILT_PRODUCTS_DIR)/MetalGame.app/MetalGame";
			};
			name = Release;
		};
/* End XCBuildConfiguration section */

/* Begin XCConfigurationList section */
		18885D6E1A37240E00EE811D /* Build configuration list for PBXProject "MetalGame" */ = {
			isa = XCConfigurationList;
			buildConfigurations = (
				18885D961A37240E00EE811D /* Debug */,
				18885D971A37240E00EE811D /* Release */,
			);
			defaultConfigurationIsVisible = 0;
			defaultConfigurationName = Release;
		};
		18885D981A37240E00EE811D /* Build configuration list for PBXNativeTarget "MetalGame" */ = {
			isa = XCConfigurationList;
			buildConfigurations = (
				18885D991A37240E00EE811D /* Debug */,
				18885D9A1A37240E00EE811D /* Release */,
			);
			defaultConfigurationIsVisible = 0;
		};
		18885D9B1A37240E00EE811D /* Build configuration list for PBXNativeTarget "MetalGameTests" */ = {
			isa = XCConfigurationList;
			buildConfigurations = (
				18885D9C1A37240E00EE811D /* Debug */,
				18885D9D1A37240E00EE811D /* Release */,
			);
			defaultConfigurationIsVisible = 0;
		};
/* End XCConfigurationList section */
	};
	rootObject = 18885D6B1A37240E00EE811D /* Project object */;
}
